
Microsoft Visual Studio Solution File, Format Version 12.00
# Visual Studio Version 17
VisualStudioVersion = 17.5.33424.131
MinimumVisualStudioVersion = 10.0.40219.1
Project("{8BC9CEB8-8B4A-11D0-8D11-00A0C91BC942}") = "Baсе_С", "Baсе_С\Baсе_С.vcxproj", "{D6F98CA0-041A-4A8F-8A1B-C40FDC376B34}"
EndProject
Project("{8BC9CEB8-8B4A-11D0-8D11-00A0C91BC942}") = "Operators", "Operators\Operators.vcxproj", "{A5EC7EF9-2D22-461C-861A-4A844486EB8E}"
EndProject
Project("{8BC9CEB8-8B4A-11D0-8D11-00A0C91BC942}") = "ControlStructures", "ControlStructures\ControlStructures.vcxproj", "{35469EB3-AB53-4FB5-AC75-D1E3FABE550E}"
EndProject
Project("{8BC9CEB8-8B4A-11D0-8D11-00A0C91BC942}") = "Calc", "Clac\Clac.vcxproj", "{AEA2BE1F-A5AC-4F12-B151-58B44D141DF2}"
EndProject
Project("{8BC9CEB8-8B4A-11D0-8D11-00A0C91BC942}") = "Loops", "Loops\Loops.vcxproj", "{4301713F-60CC-4931-88AC-4634C4A233B8}"
EndProject
Project("{8BC9CEB8-8B4A-11D0-8D11-00A0C91BC942}") = "Palindrome", "Palindrome\Palindrome.vcxproj", "{35A2095B-2C95-4EAF-AB0F-64097FE2E6E6}"
EndProject
Global
	GlobalSection(SolutionConfigurationPlatforms) = preSolution
		Debug|x64 = Debug|x64
		Debug|x86 = Debug|x86
		Release|x64 = Release|x64
		Release|x86 = Release|x86
	EndGlobalSection
	GlobalSection(ProjectConfigurationPlatforms) = postSolution
		{D6F98CA0-041A-4A8F-8A1B-C40FDC376B34}.Debug|x64.ActiveCfg = Debug|x64
		{D6F98CA0-041A-4A8F-8A1B-C40FDC376B34}.Debug|x64.Build.0 = Debug|x64
		{D6F98CA0-041A-4A8F-8A1B-C40FDC376B34}.Debug|x86.ActiveCfg = Debug|Win32
		{D6F98CA0-041A-4A8F-8A1B-C40FDC376B34}.Debug|x86.Build.0 = Debug|Win32
		{D6F98CA0-041A-4A8F-8A1B-C40FDC376B34}.Release|x64.ActiveCfg = Release|x64
		{D6F98CA0-041A-4A8F-8A1B-C40FDC376B34}.Release|x64.Build.0 = Release|x64
		{D6F98CA0-041A-4A8F-8A1B-C40FDC376B34}.Release|x86.ActiveCfg = Release|Win32
		{D6F98CA0-041A-4A8F-8A1B-C40FDC376B34}.Release|x86.Build.0 = Release|Win32
		{A5EC7EF9-2D22-461C-861A-4A844486EB8E}.Debug|x64.ActiveCfg = Debug|x64
		{A5EC7EF9-2D22-461C-861A-4A844486EB8E}.Debug|x64.Build.0 = Debug|x64
		{A5EC7EF9-2D22-461C-861A-4A844486EB8E}.Debug|x86.ActiveCfg = Debug|Win32
		{A5EC7EF9-2D22-461C-861A-4A844486EB8E}.Debug|x86.Build.0 = Debug|Win32
		{A5EC7EF9-2D22-461C-861A-4A844486EB8E}.Release|x64.ActiveCfg = Release|x64
		{A5EC7EF9-2D22-461C-861A-4A844486EB8E}.Release|x64.Build.0 = Release|x64
		{A5EC7EF9-2D22-461C-861A-4A844486EB8E}.Release|x86.ActiveCfg = Release|Win32
		{A5EC7EF9-2D22-461C-861A-4A844486EB8E}.Release|x86.Build.0 = Release|Win32
		{35469EB3-AB53-4FB5-AC75-D1E3FABE550E}.Debug|x64.ActiveCfg = Debug|x64
		{35469EB3-AB53-4FB5-AC75-D1E3FABE550E}.Debug|x64.Build.0 = Debug|x64
		{35469EB3-AB53-4FB5-AC75-D1E3FABE550E}.Debug|x86.ActiveCfg = Debug|Win32
		{35469EB3-AB53-4FB5-AC75-D1E3FABE550E}.Debug|x86.Build.0 = Debug|Win32
		{35469EB3-AB53-4FB5-AC75-D1E3FABE550E}.Release|x64.ActiveCfg = Release|x64
		{35469EB3-AB53-4FB5-AC75-D1E3FABE550E}.Release|x64.Build.0 = Release|x64
		{35469EB3-AB53-4FB5-AC75-D1E3FABE550E}.Release|x86.ActiveCfg = Release|Win32
		{35469EB3-AB53-4FB5-AC75-D1E3FABE550E}.Release|x86.Build.0 = Release|Win32
		{AEA2BE1F-A5AC-4F12-B151-58B44D141DF2}.Debug|x64.ActiveCfg = Debug|x64
		{AEA2BE1F-A5AC-4F12-B151-58B44D141DF2}.Debug|x64.Build.0 = Debug|x64
		{AEA2BE1F-A5AC-4F12-B151-58B44D141DF2}.Debug|x86.ActiveCfg = Debug|Win32
		{AEA2BE1F-A5AC-4F12-B151-58B44D141DF2}.Debug|x86.Build.0 = Debug|Win32
		{AEA2BE1F-A5AC-4F12-B151-58B44D141DF2}.Release|x64.ActiveCfg = Release|x64
		{AEA2BE1F-A5AC-4F12-B151-58B44D141DF2}.Release|x64.Build.0 = Release|x64
		{AEA2BE1F-A5AC-4F12-B151-58B44D141DF2}.Release|x86.ActiveCfg = Release|Win32
		{AEA2BE1F-A5AC-4F12-B151-58B44D141DF2}.Release|x86.Build.0 = Release|Win32
		{4301713F-60CC-4931-88AC-4634C4A233B8}.Debug|x64.ActiveCfg = Debug|x64
		{4301713F-60CC-4931-88AC-4634C4A233B8}.Debug|x64.Build.0 = Debug|x64
		{4301713F-60CC-4931-88AC-4634C4A233B8}.Debug|x86.ActiveCfg = Debug|Win32
		{4301713F-60CC-4931-88AC-4634C4A233B8}.Debug|x86.Build.0 = Debug|Win32
		{4301713F-60CC-4931-88AC-4634C4A233B8}.Release|x64.ActiveCfg = Release|x64
		{4301713F-60CC-4931-88AC-4634C4A233B8}.Release|x64.Build.0 = Release|x64
		{4301713F-60CC-4931-88AC-4634C4A233B8}.Release|x86.ActiveCfg = Release|Win32
		{4301713F-60CC-4931-88AC-4634C4A233B8}.Release|x86.Build.0 = Release|Win32
		{35A2095B-2C95-4EAF-AB0F-64097FE2E6E6}.Debug|x64.ActiveCfg = Debug|x64
		{35A2095B-2C95-4EAF-AB0F-64097FE2E6E6}.Debug|x64.Build.0 = Debug|x64
		{35A2095B-2C95-4EAF-AB0F-64097FE2E6E6}.Debug|x86.ActiveCfg = Debug|Win32
		{35A2095B-2C95-4EAF-AB0F-64097FE2E6E6}.Debug|x86.Build.0 = Debug|Win32
		{35A2095B-2C95-4EAF-AB0F-64097FE2E6E6}.Release|x64.ActiveCfg = Release|x64
		{35A2095B-2C95-4EAF-AB0F-64097FE2E6E6}.Release|x64.Build.0 = Release|x64
		{35A2095B-2C95-4EAF-AB0F-64097FE2E6E6}.Release|x86.ActiveCfg = Release|Win32
		{35A2095B-2C95-4EAF-AB0F-64097FE2E6E6}.Release|x86.Build.0 = Release|Win32
	EndGlobalSection
	GlobalSection(SolutionProperties) = preSolution
		HideSolutionNode = FALSE
	EndGlobalSection
	GlobalSection(ExtensibilityGlobals) = postSolution
		SolutionGuid = {82881935-3D4D-4939-A297-D9ABAE3A3AFA}
	EndGlobalSection
EndGlobal
